
Microsoft Visual Studio Solution File, Format Version 11.00
# Visual Studio 2010
Project("{FAE04EC0-301F-11D3-BF4B-00C04F79EFBC}") = "Ombudsman.Site", "Ombudsman.Site\Ombudsman.Site.csproj", "{505CCA9C-4430-47A9-A760-D9875E2B6BC3}"
EndProject
Project("{FAE04EC0-301F-11D3-BF4B-00C04F79EFBC}") = "Ombudsman.Site.Tests", "Ombudsman.Site.Tests\Ombudsman.Site.Tests.csproj", "{BB8BFA07-6A59-4971-B76F-9C35FE4E9B82}"
EndProject
Global
	GlobalSection(SolutionConfigurationPlatforms) = preSolution
		Debug|Any CPU = Debug|Any CPU
		Release|Any CPU = Release|Any CPU
	EndGlobalSection
	GlobalSection(ProjectConfigurationPlatforms) = postSolution
		{505CCA9C-4430-47A9-A760-D9875E2B6BC3}.Debug|Any CPU.ActiveCfg = Debug|Any CPU
		{505CCA9C-4430-47A9-A760-D9875E2B6BC3}.Debug|Any CPU.Build.0 = Debug|Any CPU
		{505CCA9C-4430-47A9-A760-D9875E2B6BC3}.Release|Any CPU.ActiveCfg = Release|Any CPU
		{505CCA9C-4430-47A9-A760-D9875E2B6BC3}.Release|Any CPU.Build.0 = Release|Any CPU
		{BB8BFA07-6A59-4971-B76F-9C35FE4E9B82}.Debug|Any CPU.ActiveCfg = Debug|Any CPU
		{BB8BFA07-6A59-4971-B76F-9C35FE4E9B82}.Debug|Any CPU.Build.0 = Debug|Any CPU
		{BB8BFA07-6A59-4971-B76F-9C35FE4E9B82}.Release|Any CPU.ActiveCfg = Release|Any CPU
		{BB8BFA07-6A59-4971-B76F-9C35FE4E9B82}.Release|Any CPU.Build.0 = Release|Any CPU
	EndGlobalSection
	GlobalSection(SolutionProperties) = preSolution
		HideSolutionNode = FALSE
	EndGlobalSection
	GlobalSection(ExtensibilityGlobals) = postSolution
		EnterpriseLibraryConfigurationToolBinariesPath = packages\Unity.2.1.505.2\lib\NET35
	EndGlobalSection
EndGlobal
