
Microsoft Visual Studio Solution File, Format Version 11.00
# Visual Studio 2010
Project("{FAE04EC0-301F-11D3-BF4B-00C04F79EFBC}") = "Trips4", "Trips4\Trips4.csproj", "{B75E8223-F70C-4493-B373-B771217E3AE7}"
EndProject
Project("{FAE04EC0-301F-11D3-BF4B-00C04F79EFBC}") = "Trips4.Tests", "Trips4.Tests\Trips4.Tests.csproj", "{54F025ED-32D6-4680-A179-FD2FFDF25038}"
EndProject
Project("{FAE04EC0-301F-11D3-BF4B-00C04F79EFBC}") = "DRCOG.Data", "DRCOG.Data\DRCOG.Data.csproj", "{286B449E-74C8-4EBE-BFB6-015C4D14DA53}"
EndProject
Project("{FAE04EC0-301F-11D3-BF4B-00C04F79EFBC}") = "DRCOG.Domain", "DRCOG.Domain\DRCOG.Domain.csproj", "{10038254-3677-4C98-A326-BC69B7D69808}"
EndProject
Project("{FAE04EC0-301F-11D3-BF4B-00C04F79EFBC}") = "DRCOG.TIP.Services", "DRCOG.TIP.Services\DRCOG.TIP.Services.csproj", "{16B7F60D-2DE1-464D-A925-17FE03A3E1F1}"
EndProject
Project("{FAE04EC0-301F-11D3-BF4B-00C04F79EFBC}") = "DRCOG.Utility", "DRCOG.Utility\DRCOG.Utility.csproj", "{6DD1B4E6-E49B-4955-B026-B4DDAF1D2585}"
EndProject
Global
	GlobalSection(SolutionConfigurationPlatforms) = preSolution
		Debug|Any CPU = Debug|Any CPU
		QA|Any CPU = QA|Any CPU
		Release|Any CPU = Release|Any CPU
	EndGlobalSection
	GlobalSection(ProjectConfigurationPlatforms) = postSolution
		{B75E8223-F70C-4493-B373-B771217E3AE7}.Debug|Any CPU.ActiveCfg = Debug|Any CPU
		{B75E8223-F70C-4493-B373-B771217E3AE7}.Debug|Any CPU.Build.0 = Debug|Any CPU
		{B75E8223-F70C-4493-B373-B771217E3AE7}.QA|Any CPU.ActiveCfg = Release|Any CPU
		{B75E8223-F70C-4493-B373-B771217E3AE7}.QA|Any CPU.Build.0 = Release|Any CPU
		{B75E8223-F70C-4493-B373-B771217E3AE7}.Release|Any CPU.ActiveCfg = Release|Any CPU
		{B75E8223-F70C-4493-B373-B771217E3AE7}.Release|Any CPU.Build.0 = Release|Any CPU
		{54F025ED-32D6-4680-A179-FD2FFDF25038}.Debug|Any CPU.ActiveCfg = Debug|Any CPU
		{54F025ED-32D6-4680-A179-FD2FFDF25038}.Debug|Any CPU.Build.0 = Debug|Any CPU
		{54F025ED-32D6-4680-A179-FD2FFDF25038}.QA|Any CPU.ActiveCfg = Release|Any CPU
		{54F025ED-32D6-4680-A179-FD2FFDF25038}.QA|Any CPU.Build.0 = Release|Any CPU
		{54F025ED-32D6-4680-A179-FD2FFDF25038}.Release|Any CPU.ActiveCfg = Release|Any CPU
		{54F025ED-32D6-4680-A179-FD2FFDF25038}.Release|Any CPU.Build.0 = Release|Any CPU
		{286B449E-74C8-4EBE-BFB6-015C4D14DA53}.Debug|Any CPU.ActiveCfg = Debug|Any CPU
		{286B449E-74C8-4EBE-BFB6-015C4D14DA53}.Debug|Any CPU.Build.0 = Debug|Any CPU
		{286B449E-74C8-4EBE-BFB6-015C4D14DA53}.QA|Any CPU.ActiveCfg = QA|Any CPU
		{286B449E-74C8-4EBE-BFB6-015C4D14DA53}.QA|Any CPU.Build.0 = QA|Any CPU
		{286B449E-74C8-4EBE-BFB6-015C4D14DA53}.Release|Any CPU.ActiveCfg = Release|Any CPU
		{286B449E-74C8-4EBE-BFB6-015C4D14DA53}.Release|Any CPU.Build.0 = Release|Any CPU
		{10038254-3677-4C98-A326-BC69B7D69808}.Debug|Any CPU.ActiveCfg = Debug|Any CPU
		{10038254-3677-4C98-A326-BC69B7D69808}.Debug|Any CPU.Build.0 = Debug|Any CPU
		{10038254-3677-4C98-A326-BC69B7D69808}.QA|Any CPU.ActiveCfg = QA|Any CPU
		{10038254-3677-4C98-A326-BC69B7D69808}.QA|Any CPU.Build.0 = QA|Any CPU
		{10038254-3677-4C98-A326-BC69B7D69808}.Release|Any CPU.ActiveCfg = Release|Any CPU
		{10038254-3677-4C98-A326-BC69B7D69808}.Release|Any CPU.Build.0 = Release|Any CPU
		{16B7F60D-2DE1-464D-A925-17FE03A3E1F1}.Debug|Any CPU.ActiveCfg = Debug|Any CPU
		{16B7F60D-2DE1-464D-A925-17FE03A3E1F1}.Debug|Any CPU.Build.0 = Debug|Any CPU
		{16B7F60D-2DE1-464D-A925-17FE03A3E1F1}.QA|Any CPU.ActiveCfg = QA|Any CPU
		{16B7F60D-2DE1-464D-A925-17FE03A3E1F1}.QA|Any CPU.Build.0 = QA|Any CPU
		{16B7F60D-2DE1-464D-A925-17FE03A3E1F1}.Release|Any CPU.ActiveCfg = Release|Any CPU
		{16B7F60D-2DE1-464D-A925-17FE03A3E1F1}.Release|Any CPU.Build.0 = Release|Any CPU
		{6DD1B4E6-E49B-4955-B026-B4DDAF1D2585}.Debug|Any CPU.ActiveCfg = Debug|Any CPU
		{6DD1B4E6-E49B-4955-B026-B4DDAF1D2585}.Debug|Any CPU.Build.0 = Debug|Any CPU
		{6DD1B4E6-E49B-4955-B026-B4DDAF1D2585}.QA|Any CPU.ActiveCfg = QA|Any CPU
		{6DD1B4E6-E49B-4955-B026-B4DDAF1D2585}.QA|Any CPU.Build.0 = QA|Any CPU
		{6DD1B4E6-E49B-4955-B026-B4DDAF1D2585}.Release|Any CPU.ActiveCfg = Release|Any CPU
		{6DD1B4E6-E49B-4955-B026-B4DDAF1D2585}.Release|Any CPU.Build.0 = Release|Any CPU
	EndGlobalSection
	GlobalSection(SolutionProperties) = preSolution
		HideSolutionNode = FALSE
	EndGlobalSection
	GlobalSection(ExtensibilityGlobals) = postSolution
		EnterpriseLibraryConfigurationToolBinariesPath = packages\Unity.2.1.505.2\lib\NET35
	EndGlobalSection
EndGlobal
