
Microsoft Visual Studio Solution File, Format Version 11.00
# Visual Studio 2010
Project("{FAE04EC0-301F-11D3-BF4B-00C04F79EFBC}") = "OmbMvc4", "OmbMvc4\OmbMvc4.csproj", "{6C71E49A-1AFD-4660-8227-90656EB25DA2}"
EndProject
Project("{FAE04EC0-301F-11D3-BF4B-00C04F79EFBC}") = "OmbMvc4.Tests", "OmbMvc4.Tests\OmbMvc4.Tests.csproj", "{7F7C94A7-B4D1-4A2F-BCD6-5531B6F75D9B}"
EndProject
Project("{FAE04EC0-301F-11D3-BF4B-00C04F79EFBC}") = "OmbMultiPage", "OmbMultiPage\OmbMultiPage.csproj", "{7CE4C7C8-CFCA-443B-B5A5-E0BF4FC10E68}"
EndProject
Project("{FAE04EC0-301F-11D3-BF4B-00C04F79EFBC}") = "OmbMultiPage.Tests", "OmbMultiPage.Tests\OmbMultiPage.Tests.csproj", "{CB35F5D2-0DFF-44BE-97D9-2BD10F77C10A}"
EndProject
Project("{FAE04EC0-301F-11D3-BF4B-00C04F79EFBC}") = "OmbMp", "OmbMp\OmbMp.csproj", "{A8B3084C-6349-47E4-8E84-2BC2DCCC05FC}"
EndProject
Project("{FAE04EC0-301F-11D3-BF4B-00C04F79EFBC}") = "OmbMp.Tests", "OmbMp.Tests\OmbMp.Tests.csproj", "{564047E2-1E5A-44D8-A138-2C9AC3EBBD99}"
EndProject
Project("{FAE04EC0-301F-11D3-BF4B-00C04F79EFBC}") = "OmbMf", "OmbMf\OmbMf.csproj", "{1268C041-D9AF-452C-8F23-F11EC0FCC51F}"
EndProject
Project("{FAE04EC0-301F-11D3-BF4B-00C04F79EFBC}") = "OmbMf.Tests", "OmbMf.Tests\OmbMf.Tests.csproj", "{ED1302FE-AB55-4E88-8E2D-20875306F204}"
EndProject
Project("{FAE04EC0-301F-11D3-BF4B-00C04F79EFBC}") = "OmbCf", "OmbCf\OmbCf.csproj", "{AA3AB9EA-3342-48DF-826A-015ED4DA49DF}"
EndProject
Project("{FAE04EC0-301F-11D3-BF4B-00C04F79EFBC}") = "OmbCf.Tests", "OmbCf.Tests\OmbCf.Tests.csproj", "{D7F74B54-1783-425F-B1FD-08BF9508FA39}"
EndProject
Global
	GlobalSection(SolutionConfigurationPlatforms) = preSolution
		Debug|Any CPU = Debug|Any CPU
		Release|Any CPU = Release|Any CPU
	EndGlobalSection
	GlobalSection(ProjectConfigurationPlatforms) = postSolution
		{6C71E49A-1AFD-4660-8227-90656EB25DA2}.Debug|Any CPU.ActiveCfg = Debug|Any CPU
		{6C71E49A-1AFD-4660-8227-90656EB25DA2}.Debug|Any CPU.Build.0 = Debug|Any CPU
		{6C71E49A-1AFD-4660-8227-90656EB25DA2}.Release|Any CPU.ActiveCfg = Release|Any CPU
		{6C71E49A-1AFD-4660-8227-90656EB25DA2}.Release|Any CPU.Build.0 = Release|Any CPU
		{7F7C94A7-B4D1-4A2F-BCD6-5531B6F75D9B}.Debug|Any CPU.ActiveCfg = Debug|Any CPU
		{7F7C94A7-B4D1-4A2F-BCD6-5531B6F75D9B}.Debug|Any CPU.Build.0 = Debug|Any CPU
		{7F7C94A7-B4D1-4A2F-BCD6-5531B6F75D9B}.Release|Any CPU.ActiveCfg = Release|Any CPU
		{7F7C94A7-B4D1-4A2F-BCD6-5531B6F75D9B}.Release|Any CPU.Build.0 = Release|Any CPU
		{7CE4C7C8-CFCA-443B-B5A5-E0BF4FC10E68}.Debug|Any CPU.ActiveCfg = Debug|Any CPU
		{7CE4C7C8-CFCA-443B-B5A5-E0BF4FC10E68}.Debug|Any CPU.Build.0 = Debug|Any CPU
		{7CE4C7C8-CFCA-443B-B5A5-E0BF4FC10E68}.Release|Any CPU.ActiveCfg = Release|Any CPU
		{7CE4C7C8-CFCA-443B-B5A5-E0BF4FC10E68}.Release|Any CPU.Build.0 = Release|Any CPU
		{CB35F5D2-0DFF-44BE-97D9-2BD10F77C10A}.Debug|Any CPU.ActiveCfg = Debug|Any CPU
		{CB35F5D2-0DFF-44BE-97D9-2BD10F77C10A}.Debug|Any CPU.Build.0 = Debug|Any CPU
		{CB35F5D2-0DFF-44BE-97D9-2BD10F77C10A}.Release|Any CPU.ActiveCfg = Release|Any CPU
		{CB35F5D2-0DFF-44BE-97D9-2BD10F77C10A}.Release|Any CPU.Build.0 = Release|Any CPU
		{A8B3084C-6349-47E4-8E84-2BC2DCCC05FC}.Debug|Any CPU.ActiveCfg = Debug|Any CPU
		{A8B3084C-6349-47E4-8E84-2BC2DCCC05FC}.Debug|Any CPU.Build.0 = Debug|Any CPU
		{A8B3084C-6349-47E4-8E84-2BC2DCCC05FC}.Release|Any CPU.ActiveCfg = Release|Any CPU
		{A8B3084C-6349-47E4-8E84-2BC2DCCC05FC}.Release|Any CPU.Build.0 = Release|Any CPU
		{564047E2-1E5A-44D8-A138-2C9AC3EBBD99}.Debug|Any CPU.ActiveCfg = Debug|Any CPU
		{564047E2-1E5A-44D8-A138-2C9AC3EBBD99}.Debug|Any CPU.Build.0 = Debug|Any CPU
		{564047E2-1E5A-44D8-A138-2C9AC3EBBD99}.Release|Any CPU.ActiveCfg = Release|Any CPU
		{564047E2-1E5A-44D8-A138-2C9AC3EBBD99}.Release|Any CPU.Build.0 = Release|Any CPU
		{1268C041-D9AF-452C-8F23-F11EC0FCC51F}.Debug|Any CPU.ActiveCfg = Debug|Any CPU
		{1268C041-D9AF-452C-8F23-F11EC0FCC51F}.Debug|Any CPU.Build.0 = Debug|Any CPU
		{1268C041-D9AF-452C-8F23-F11EC0FCC51F}.Release|Any CPU.ActiveCfg = Release|Any CPU
		{1268C041-D9AF-452C-8F23-F11EC0FCC51F}.Release|Any CPU.Build.0 = Release|Any CPU
		{ED1302FE-AB55-4E88-8E2D-20875306F204}.Debug|Any CPU.ActiveCfg = Debug|Any CPU
		{ED1302FE-AB55-4E88-8E2D-20875306F204}.Debug|Any CPU.Build.0 = Debug|Any CPU
		{ED1302FE-AB55-4E88-8E2D-20875306F204}.Release|Any CPU.ActiveCfg = Release|Any CPU
		{ED1302FE-AB55-4E88-8E2D-20875306F204}.Release|Any CPU.Build.0 = Release|Any CPU
		{AA3AB9EA-3342-48DF-826A-015ED4DA49DF}.Debug|Any CPU.ActiveCfg = Debug|Any CPU
		{AA3AB9EA-3342-48DF-826A-015ED4DA49DF}.Debug|Any CPU.Build.0 = Debug|Any CPU
		{AA3AB9EA-3342-48DF-826A-015ED4DA49DF}.Release|Any CPU.ActiveCfg = Release|Any CPU
		{AA3AB9EA-3342-48DF-826A-015ED4DA49DF}.Release|Any CPU.Build.0 = Release|Any CPU
		{D7F74B54-1783-425F-B1FD-08BF9508FA39}.Debug|Any CPU.ActiveCfg = Debug|Any CPU
		{D7F74B54-1783-425F-B1FD-08BF9508FA39}.Debug|Any CPU.Build.0 = Debug|Any CPU
		{D7F74B54-1783-425F-B1FD-08BF9508FA39}.Release|Any CPU.ActiveCfg = Release|Any CPU
		{D7F74B54-1783-425F-B1FD-08BF9508FA39}.Release|Any CPU.Build.0 = Release|Any CPU
	EndGlobalSection
	GlobalSection(SolutionProperties) = preSolution
		HideSolutionNode = FALSE
	EndGlobalSection
EndGlobal
